// !$*UTF8*$!
{
	archiveVersion = 1;
	classes = {
	};
	objectVersion = 55;
	objects = {

/* Begin PBXBuildFile section */
		CEC77FCB2AD722AD00DB4731 /* TTPodSettingsView.swift in Sources */ = {isa = PBXBuildFile; fileRef = CEC77FCA2AD722AD00DB4731 /* TTPodSettingsView.swift */; };
		F15DC9A82AE3F29700718846 /* SoundCloudApiConstant.swift in Sources */ = {isa = PBXBuildFile; fileRef = F15DC9A72AE3F29700718846 /* SoundCloudApiConstant.swift */; };
		F15DC9AA2AE3F45600718846 /* SoundCloudApi.swift in Sources */ = {isa = PBXBuildFile; fileRef = F15DC9A92AE3F45600718846 /* SoundCloudApi.swift */; };
		F15DC9AC2AE3F4F700718846 /* SoundCloudTrack.swift in Sources */ = {isa = PBXBuildFile; fileRef = F15DC9AB2AE3F4F700718846 /* SoundCloudTrack.swift */; };
		F15DC9AE2AE3F5A900718846 /* SoundCloudUser.swift in Sources */ = {isa = PBXBuildFile; fileRef = F15DC9AD2AE3F5A900718846 /* SoundCloudUser.swift */; };
		F15DC9B62AE3FF9400718846 /* SoundCloudApiTests.swift in Sources */ = {isa = PBXBuildFile; fileRef = F15DC9B52AE3FF9400718846 /* SoundCloudApiTests.swift */; };
		F1E39C872AE4058700CEF0DA /* NavigationBarModifier.swift in Sources */ = {isa = PBXBuildFile; fileRef = F1E39C862AE4058700CEF0DA /* NavigationBarModifier.swift */; };
		F1E39C8A2AE5028D00CEF0DA /* SoundCloudGenreTracksResponse.swift in Sources */ = {isa = PBXBuildFile; fileRef = F1E39C892AE5028D00CEF0DA /* SoundCloudGenreTracksResponse.swift */; };
		F1E39C8C2AE504FC00CEF0DA /* SoundCloudApiDecoder.swift in Sources */ = {isa = PBXBuildFile; fileRef = F1E39C8B2AE504FC00CEF0DA /* SoundCloudApiDecoder.swift */; };
		F1E39C8E2AE5065900CEF0DA /* SoundCloudTrackCollection.swift in Sources */ = {isa = PBXBuildFile; fileRef = F1E39C8D2AE5065900CEF0DA /* SoundCloudTrackCollection.swift */; };
		F1FF40312ABAD95600E0840D /* TTPodMusicAppApp.swift in Sources */ = {isa = PBXBuildFile; fileRef = F1FF40302ABAD95600E0840D /* TTPodMusicAppApp.swift */; };
		F1FF40332ABAD95600E0840D /* ContentView.swift in Sources */ = {isa = PBXBuildFile; fileRef = F1FF40322ABAD95600E0840D /* ContentView.swift */; };
		F1FF40352ABAD95900E0840D /* Assets.xcassets in Resources */ = {isa = PBXBuildFile; fileRef = F1FF40342ABAD95900E0840D /* Assets.xcassets */; };
		F1FF40382ABAD95900E0840D /* Preview Assets.xcassets in Resources */ = {isa = PBXBuildFile; fileRef = F1FF40372ABAD95900E0840D /* Preview Assets.xcassets */; };
		F1FF40402AC8138200E0840D /* TabBarItem.swift in Sources */ = {isa = PBXBuildFile; fileRef = F1FF403F2AC8138200E0840D /* TabBarItem.swift */; };
		F1FF40422AC813B500E0840D /* CustomTabBarContainerView.swift in Sources */ = {isa = PBXBuildFile; fileRef = F1FF40412AC813B500E0840D /* CustomTabBarContainerView.swift */; };
		F1FF40442AC813E000E0840D /* CustomTabBarView.swift in Sources */ = {isa = PBXBuildFile; fileRef = F1FF40432AC813E000E0840D /* CustomTabBarView.swift */; };
		F1FF40462AC813FD00E0840D /* TabBarItemsPreferenceKey.swift in Sources */ = {isa = PBXBuildFile; fileRef = F1FF40452AC813FD00E0840D /* TabBarItemsPreferenceKey.swift */; };
		F1FF40482AC8142100E0840D /* AppTabBarView.swift in Sources */ = {isa = PBXBuildFile; fileRef = F1FF40472AC8142100E0840D /* AppTabBarView.swift */; };
/* End PBXBuildFile section */

/* Begin PBXContainerItemProxy section */
		F15DC9B72AE3FF9400718846 /* PBXContainerItemProxy */ = {
			isa = PBXContainerItemProxy;
			containerPortal = F1FF40252ABAD95600E0840D /* Project object */;
			proxyType = 1;
			remoteGlobalIDString = F1FF402C2ABAD95600E0840D;
			remoteInfo = TTPodMusicApp;
		};
/* End PBXContainerItemProxy section */

/* Begin PBXFileReference section */
		CEC77FCA2AD722AD00DB4731 /* TTPodSettingsView.swift */ = {isa = PBXFileReference; lastKnownFileType = sourcecode.swift; path = TTPodSettingsView.swift; sourceTree = "<group>"; };
		F15DC9A72AE3F29700718846 /* SoundCloudApiConstant.swift */ = {isa = PBXFileReference; lastKnownFileType = sourcecode.swift; path = SoundCloudApiConstant.swift; sourceTree = "<group>"; };
		F15DC9A92AE3F45600718846 /* SoundCloudApi.swift */ = {isa = PBXFileReference; lastKnownFileType = sourcecode.swift; path = SoundCloudApi.swift; sourceTree = "<group>"; };
		F15DC9AB2AE3F4F700718846 /* SoundCloudTrack.swift */ = {isa = PBXFileReference; lastKnownFileType = sourcecode.swift; path = SoundCloudTrack.swift; sourceTree = "<group>"; };
		F15DC9AD2AE3F5A900718846 /* SoundCloudUser.swift */ = {isa = PBXFileReference; lastKnownFileType = sourcecode.swift; path = SoundCloudUser.swift; sourceTree = "<group>"; };
		F15DC9B32AE3FF9400718846 /* TTPodMusicAppTests.xctest */ = {isa = PBXFileReference; explicitFileType = wrapper.cfbundle; includeInIndex = 0; path = TTPodMusicAppTests.xctest; sourceTree = BUILT_PRODUCTS_DIR; };
		F15DC9B52AE3FF9400718846 /* SoundCloudApiTests.swift */ = {isa = PBXFileReference; lastKnownFileType = sourcecode.swift; path = SoundCloudApiTests.swift; sourceTree = "<group>"; };
		F1E39C862AE4058700CEF0DA /* NavigationBarModifier.swift */ = {isa = PBXFileReference; lastKnownFileType = sourcecode.swift; path = NavigationBarModifier.swift; sourceTree = "<group>"; };
		F1E39C892AE5028D00CEF0DA /* SoundCloudGenreTracksResponse.swift */ = {isa = PBXFileReference; lastKnownFileType = sourcecode.swift; path = SoundCloudGenreTracksResponse.swift; sourceTree = "<group>"; };
		F1E39C8B2AE504FC00CEF0DA /* SoundCloudApiDecoder.swift */ = {isa = PBXFileReference; lastKnownFileType = sourcecode.swift; path = SoundCloudApiDecoder.swift; sourceTree = "<group>"; };
		F1E39C8D2AE5065900CEF0DA /* SoundCloudTrackCollection.swift */ = {isa = PBXFileReference; lastKnownFileType = sourcecode.swift; path = SoundCloudTrackCollection.swift; sourceTree = "<group>"; };
		F1FF402D2ABAD95600E0840D /* TTPodMusicApp.app */ = {isa = PBXFileReference; explicitFileType = wrapper.application; includeInIndex = 0; path = TTPodMusicApp.app; sourceTree = BUILT_PRODUCTS_DIR; };
		F1FF40302ABAD95600E0840D /* TTPodMusicAppApp.swift */ = {isa = PBXFileReference; lastKnownFileType = sourcecode.swift; path = TTPodMusicAppApp.swift; sourceTree = "<group>"; };
		F1FF40322ABAD95600E0840D /* ContentView.swift */ = {isa = PBXFileReference; lastKnownFileType = sourcecode.swift; path = ContentView.swift; sourceTree = "<group>"; };
		F1FF40342ABAD95900E0840D /* Assets.xcassets */ = {isa = PBXFileReference; lastKnownFileType = folder.assetcatalog; path = Assets.xcassets; sourceTree = "<group>"; };
		F1FF40372ABAD95900E0840D /* Preview Assets.xcassets */ = {isa = PBXFileReference; lastKnownFileType = folder.assetcatalog; path = "Preview Assets.xcassets"; sourceTree = "<group>"; };
		F1FF403F2AC8138200E0840D /* TabBarItem.swift */ = {isa = PBXFileReference; lastKnownFileType = sourcecode.swift; path = TabBarItem.swift; sourceTree = "<group>"; };
		F1FF40412AC813B500E0840D /* CustomTabBarContainerView.swift */ = {isa = PBXFileReference; lastKnownFileType = sourcecode.swift; path = CustomTabBarContainerView.swift; sourceTree = "<group>"; };
		F1FF40432AC813E000E0840D /* CustomTabBarView.swift */ = {isa = PBXFileReference; lastKnownFileType = sourcecode.swift; path = CustomTabBarView.swift; sourceTree = "<group>"; };
		F1FF40452AC813FD00E0840D /* TabBarItemsPreferenceKey.swift */ = {isa = PBXFileReference; lastKnownFileType = sourcecode.swift; path = TabBarItemsPreferenceKey.swift; sourceTree = "<group>"; };
		F1FF40472AC8142100E0840D /* AppTabBarView.swift */ = {isa = PBXFileReference; lastKnownFileType = sourcecode.swift; path = AppTabBarView.swift; sourceTree = "<group>"; };
/* End PBXFileReference section */

/* Begin PBXFrameworksBuildPhase section */
		F15DC9B02AE3FF9400718846 /* Frameworks */ = {
			isa = PBXFrameworksBuildPhase;
			buildActionMask = 2147483647;
			files = (
			);
			runOnlyForDeploymentPostprocessing = 0;
		};
		F1FF402A2ABAD95600E0840D /* Frameworks */ = {
			isa = PBXFrameworksBuildPhase;
			buildActionMask = 2147483647;
			files = (
			);
			runOnlyForDeploymentPostprocessing = 0;
		};
/* End PBXFrameworksBuildPhase section */

/* Begin PBXGroup section */
		CEC77FC92AD7223E00DB4731 /* Views */ = {
			isa = PBXGroup;
			children = (
				F1E39C852AE4056C00CEF0DA /* ViewModifiers */,
				CEC77FCA2AD722AD00DB4731 /* TTPodSettingsView.swift */,
			);
			path = Views;
			sourceTree = "<group>";
		};
		F15DC9A62AE3F26800718846 /* Network */ = {
			isa = PBXGroup;
			children = (
				F1E39C882AE5026500CEF0DA /* Models */,
				F15DC9A72AE3F29700718846 /* SoundCloudApiConstant.swift */,
				F15DC9A92AE3F45600718846 /* SoundCloudApi.swift */,
				F1E39C8B2AE504FC00CEF0DA /* SoundCloudApiDecoder.swift */,
			);
			path = Network;
			sourceTree = "<group>";
		};
		F15DC9B42AE3FF9400718846 /* TTPodMusicAppTests */ = {
			isa = PBXGroup;
			children = (
				F15DC9B52AE3FF9400718846 /* SoundCloudApiTests.swift */,
			);
			path = TTPodMusicAppTests;
			sourceTree = "<group>";
		};
		F1E39C852AE4056C00CEF0DA /* ViewModifiers */ = {
			isa = PBXGroup;
			children = (
				F1E39C862AE4058700CEF0DA /* NavigationBarModifier.swift */,
			);
			path = ViewModifiers;
			sourceTree = "<group>";
		};
		F1E39C882AE5026500CEF0DA /* Models */ = {
			isa = PBXGroup;
			children = (
				F1E39C892AE5028D00CEF0DA /* SoundCloudGenreTracksResponse.swift */,
				F1E39C8D2AE5065900CEF0DA /* SoundCloudTrackCollection.swift */,
				F15DC9AB2AE3F4F700718846 /* SoundCloudTrack.swift */,
				F15DC9AD2AE3F5A900718846 /* SoundCloudUser.swift */,
			);
			path = Models;
			sourceTree = "<group>";
		};
		F1FF40242ABAD95600E0840D = {
			isa = PBXGroup;
			children = (
				F1FF402F2ABAD95600E0840D /* TTPodMusicApp */,
				F15DC9B42AE3FF9400718846 /* TTPodMusicAppTests */,
				F1FF402E2ABAD95600E0840D /* Products */,
			);
			sourceTree = "<group>";
		};
		F1FF402E2ABAD95600E0840D /* Products */ = {
			isa = PBXGroup;
			children = (
				F1FF402D2ABAD95600E0840D /* TTPodMusicApp.app */,
				F15DC9B32AE3FF9400718846 /* TTPodMusicAppTests.xctest */,
			);
			name = Products;
			sourceTree = "<group>";
		};
		F1FF402F2ABAD95600E0840D /* TTPodMusicApp */ = {
			isa = PBXGroup;
			children = (
				F15DC9A62AE3F26800718846 /* Network */,
				CEC77FC92AD7223E00DB4731 /* Views */,
				F1FF403E2AC8136900E0840D /* TabBar */,
				F1FF40302ABAD95600E0840D /* TTPodMusicAppApp.swift */,
				F1FF40322ABAD95600E0840D /* ContentView.swift */,
				F1FF40342ABAD95900E0840D /* Assets.xcassets */,
				F1FF40362ABAD95900E0840D /* Preview Content */,
			);
			path = TTPodMusicApp;
			sourceTree = "<group>";
		};
		F1FF40362ABAD95900E0840D /* Preview Content */ = {
			isa = PBXGroup;
			children = (
				F1FF40372ABAD95900E0840D /* Preview Assets.xcassets */,
			);
			path = "Preview Content";
			sourceTree = "<group>";
		};
		F1FF403E2AC8136900E0840D /* TabBar */ = {
			isa = PBXGroup;
			children = (
				F1FF403F2AC8138200E0840D /* TabBarItem.swift */,
				F1FF40452AC813FD00E0840D /* TabBarItemsPreferenceKey.swift */,
				F1FF40412AC813B500E0840D /* CustomTabBarContainerView.swift */,
				F1FF40432AC813E000E0840D /* CustomTabBarView.swift */,
				F1FF40472AC8142100E0840D /* AppTabBarView.swift */,
			);
			path = TabBar;
			sourceTree = "<group>";
		};
/* End PBXGroup section */

/* Begin PBXNativeTarget section */
		F15DC9B22AE3FF9400718846 /* TTPodMusicAppTests */ = {
			isa = PBXNativeTarget;
			buildConfigurationList = F15DC9B92AE3FF9400718846 /* Build configuration list for PBXNativeTarget "TTPodMusicAppTests" */;
			buildPhases = (
				F15DC9AF2AE3FF9400718846 /* Sources */,
				F15DC9B02AE3FF9400718846 /* Frameworks */,
				F15DC9B12AE3FF9400718846 /* Resources */,
			);
			buildRules = (
			);
			dependencies = (
				F15DC9B82AE3FF9400718846 /* PBXTargetDependency */,
			);
			name = TTPodMusicAppTests;
			productName = TTPodMusicAppTests;
			productReference = F15DC9B32AE3FF9400718846 /* TTPodMusicAppTests.xctest */;
			productType = "com.apple.product-type.bundle.unit-test";
		};
		F1FF402C2ABAD95600E0840D /* TTPodMusicApp */ = {
			isa = PBXNativeTarget;
			buildConfigurationList = F1FF403B2ABAD95900E0840D /* Build configuration list for PBXNativeTarget "TTPodMusicApp" */;
			buildPhases = (
				F1FF40292ABAD95600E0840D /* Sources */,
				F1FF402A2ABAD95600E0840D /* Frameworks */,
				F1FF402B2ABAD95600E0840D /* Resources */,
			);
			buildRules = (
			);
			dependencies = (
			);
			name = TTPodMusicApp;
			productName = TTPodMusicApp;
			productReference = F1FF402D2ABAD95600E0840D /* TTPodMusicApp.app */;
			productType = "com.apple.product-type.application";
		};
/* End PBXNativeTarget section */

/* Begin PBXProject section */
		F1FF40252ABAD95600E0840D /* Project object */ = {
			isa = PBXProject;
			attributes = {
				BuildIndependentTargetsInParallel = 1;
				LastSwiftUpdateCheck = 1420;
				LastUpgradeCheck = 1340;
				TargetAttributes = {
					F15DC9B22AE3FF9400718846 = {
						CreatedOnToolsVersion = 14.2;
						TestTargetID = F1FF402C2ABAD95600E0840D;
					};
					F1FF402C2ABAD95600E0840D = {
						CreatedOnToolsVersion = 13.4.1;
					};
				};
			};
			buildConfigurationList = F1FF40282ABAD95600E0840D /* Build configuration list for PBXProject "TTPodMusicApp" */;
			compatibilityVersion = "Xcode 13.0";
			developmentRegion = en;
			hasScannedForEncodings = 0;
			knownRegions = (
				en,
				Base,
			);
			mainGroup = F1FF40242ABAD95600E0840D;
			productRefGroup = F1FF402E2ABAD95600E0840D /* Products */;
			projectDirPath = "";
			projectRoot = "";
			targets = (
				F1FF402C2ABAD95600E0840D /* TTPodMusicApp */,
				F15DC9B22AE3FF9400718846 /* TTPodMusicAppTests */,
			);
		};
/* End PBXProject section */

/* Begin PBXResourcesBuildPhase section */
		F15DC9B12AE3FF9400718846 /* Resources */ = {
			isa = PBXResourcesBuildPhase;
			buildActionMask = 2147483647;
			files = (
			);
			runOnlyForDeploymentPostprocessing = 0;
		};
		F1FF402B2ABAD95600E0840D /* Resources */ = {
			isa = PBXResourcesBuildPhase;
			buildActionMask = 2147483647;
			files = (
				F1FF40382ABAD95900E0840D /* Preview Assets.xcassets in Resources */,
				F1FF40352ABAD95900E0840D /* Assets.xcassets in Resources */,
			);
			runOnlyForDeploymentPostprocessing = 0;
		};
/* End PBXResourcesBuildPhase section */

/* Begin PBXSourcesBuildPhase section */
		F15DC9AF2AE3FF9400718846 /* Sources */ = {
			isa = PBXSourcesBuildPhase;
			buildActionMask = 2147483647;
			files = (
				F15DC9B62AE3FF9400718846 /* SoundCloudApiTests.swift in Sources */,
			);
			runOnlyForDeploymentPostprocessing = 0;
		};
		F1FF40292ABAD95600E0840D /* Sources */ = {
			isa = PBXSourcesBuildPhase;
			buildActionMask = 2147483647;
			files = (
				F1E39C8A2AE5028D00CEF0DA /* SoundCloudGenreTracksResponse.swift in Sources */,
				F1FF40482AC8142100E0840D /* AppTabBarView.swift in Sources */,
				F1E39C8C2AE504FC00CEF0DA /* SoundCloudApiDecoder.swift in Sources */,
				CEC77FCB2AD722AD00DB4731 /* TTPodSettingsView.swift in Sources */,
				F15DC9A82AE3F29700718846 /* SoundCloudApiConstant.swift in Sources */,
				F15DC9AC2AE3F4F700718846 /* SoundCloudTrack.swift in Sources */,
				F1FF40402AC8138200E0840D /* TabBarItem.swift in Sources */,
				F1FF40442AC813E000E0840D /* CustomTabBarView.swift in Sources */,
				F15DC9AA2AE3F45600718846 /* SoundCloudApi.swift in Sources */,
				F1FF40332ABAD95600E0840D /* ContentView.swift in Sources */,
				F1FF40462AC813FD00E0840D /* TabBarItemsPreferenceKey.swift in Sources */,
				F1E39C8E2AE5065900CEF0DA /* SoundCloudTrackCollection.swift in Sources */,
				F1FF40312ABAD95600E0840D /* TTPodMusicAppApp.swift in Sources */,
				F1E39C872AE4058700CEF0DA /* NavigationBarModifier.swift in Sources */,
				F15DC9AE2AE3F5A900718846 /* SoundCloudUser.swift in Sources */,
				F1FF40422AC813B500E0840D /* CustomTabBarContainerView.swift in Sources */,
			);
			runOnlyForDeploymentPostprocessing = 0;
		};
/* End PBXSourcesBuildPhase section */

/* Begin PBXTargetDependency section */
		F15DC9B82AE3FF9400718846 /* PBXTargetDependency */ = {
			isa = PBXTargetDependency;
			target = F1FF402C2ABAD95600E0840D /* TTPodMusicApp */;
			targetProxy = F15DC9B72AE3FF9400718846 /* PBXContainerItemProxy */;
		};
/* End PBXTargetDependency section */

/* Begin XCBuildConfiguration section */
		F15DC9BA2AE3FF9400718846 /* Debug */ = {
			isa = XCBuildConfiguration;
			buildSettings = {
				BUNDLE_LOADER = "$(TEST_HOST)";
				CLANG_CXX_LANGUAGE_STANDARD = "gnu++20";
				CODE_SIGN_STYLE = Automatic;
				CURRENT_PROJECT_VERSION = 1;
				DEVELOPMENT_TEAM = 2H7FH7ZQNH;
				GENERATE_INFOPLIST_FILE = YES;
				IPHONEOS_DEPLOYMENT_TARGET = 16.2;
				MARKETING_VERSION = 1.0;
				PRODUCT_BUNDLE_IDENTIFIER = com.waling.TTPodMusicAppTests;
				PRODUCT_NAME = "$(TARGET_NAME)";
				SWIFT_EMIT_LOC_STRINGS = NO;
				SWIFT_VERSION = 5.0;
				TARGETED_DEVICE_FAMILY = "1,2";
				TEST_HOST = "$(BUILT_PRODUCTS_DIR)/TTPodMusicApp.app/$(BUNDLE_EXECUTABLE_FOLDER_PATH)/TTPodMusicApp";
			};
			name = Debug;
		};
		F15DC9BB2AE3FF9400718846 /* Release */ = {
			isa = XCBuildConfiguration;
			buildSettings = {
				BUNDLE_LOADER = "$(TEST_HOST)";
				CLANG_CXX_LANGUAGE_STANDARD = "gnu++20";
				CODE_SIGN_STYLE = Automatic;
				CURRENT_PROJECT_VERSION = 1;
				DEVELOPMENT_TEAM = 2H7FH7ZQNH;
				GENERATE_INFOPLIST_FILE = YES;
				IPHONEOS_DEPLOYMENT_TARGET = 16.2;
				MARKETING_VERSION = 1.0;
				PRODUCT_BUNDLE_IDENTIFIER = com.waling.TTPodMusicAppTests;
				PRODUCT_NAME = "$(TARGET_NAME)";
				SWIFT_EMIT_LOC_STRINGS = NO;
				SWIFT_VERSION = 5.0;
				TARGETED_DEVICE_FAMILY = "1,2";
				TEST_HOST = "$(BUILT_PRODUCTS_DIR)/TTPodMusicApp.app/$(BUNDLE_EXECUTABLE_FOLDER_PATH)/TTPodMusicApp";
			};
			name = Release;
		};
		F1FF40392ABAD95900E0840D /* Debug */ = {
			isa = XCBuildConfiguration;
			buildSettings = {
				ALWAYS_SEARCH_USER_PATHS = NO;
				CLANG_ANALYZER_NONNULL = YES;
				CLANG_ANALYZER_NUMBER_OBJECT_CONVERSION = YES_AGGRESSIVE;
				CLANG_CXX_LANGUAGE_STANDARD = "gnu++17";
				CLANG_ENABLE_MODULES = YES;
				CLANG_ENABLE_OBJC_ARC = YES;
				CLANG_ENABLE_OBJC_WEAK = YES;
				CLANG_WARN_BLOCK_CAPTURE_AUTORELEASING = YES;
				CLANG_WARN_BOOL_CONVERSION = YES;
				CLANG_WARN_COMMA = YES;
				CLANG_WARN_CONSTANT_CONVERSION = YES;
				CLANG_WARN_DEPRECATED_OBJC_IMPLEMENTATIONS = YES;
				CLANG_WARN_DIRECT_OBJC_ISA_USAGE = YES_ERROR;
				CLANG_WARN_DOCUMENTATION_COMMENTS = YES;
				CLANG_WARN_EMPTY_BODY = YES;
				CLANG_WARN_ENUM_CONVERSION = YES;
				CLANG_WARN_INFINITE_RECURSION = YES;
				CLANG_WARN_INT_CONVERSION = YES;
				CLANG_WARN_NON_LITERAL_NULL_CONVERSION = YES;
				CLANG_WARN_OBJC_IMPLICIT_RETAIN_SELF = YES;
				CLANG_WARN_OBJC_LITERAL_CONVERSION = YES;
				CLANG_WARN_OBJC_ROOT_CLASS = YES_ERROR;
				CLANG_WARN_QUOTED_INCLUDE_IN_FRAMEWORK_HEADER = YES;
				CLANG_WARN_RANGE_LOOP_ANALYSIS = YES;
				CLANG_WARN_STRICT_PROTOTYPES = YES;
				CLANG_WARN_SUSPICIOUS_MOVE = YES;
				CLANG_WARN_UNGUARDED_AVAILABILITY = YES_AGGRESSIVE;
				CLANG_WARN_UNREACHABLE_CODE = YES;
				CLANG_WARN__DUPLICATE_METHOD_MATCH = YES;
				COPY_PHASE_STRIP = NO;
				DEBUG_INFORMATION_FORMAT = dwarf;
				ENABLE_STRICT_OBJC_MSGSEND = YES;
				ENABLE_TESTABILITY = YES;
				GCC_C_LANGUAGE_STANDARD = gnu11;
				GCC_DYNAMIC_NO_PIC = NO;
				GCC_NO_COMMON_BLOCKS = YES;
				GCC_OPTIMIZATION_LEVEL = 0;
				GCC_PREPROCESSOR_DEFINITIONS = (
					"DEBUG=1",
					"$(inherited)",
				);
				GCC_WARN_64_TO_32_BIT_CONVERSION = YES;
				GCC_WARN_ABOUT_RETURN_TYPE = YES_ERROR;
				GCC_WARN_UNDECLARED_SELECTOR = YES;
				GCC_WARN_UNINITIALIZED_AUTOS = YES_AGGRESSIVE;
				GCC_WARN_UNUSED_FUNCTION = YES;
				GCC_WARN_UNUSED_VARIABLE = YES;
				IPHONEOS_DEPLOYMENT_TARGET = 15.5;
				MTL_ENABLE_DEBUG_INFO = INCLUDE_SOURCE;
				MTL_FAST_MATH = YES;
				ONLY_ACTIVE_ARCH = YES;
				SDKROOT = iphoneos;
				SWIFT_ACTIVE_COMPILATION_CONDITIONS = DEBUG;
				SWIFT_OPTIMIZATION_LEVEL = "-Onone";
			};
			name = Debug;
		};
		F1FF403A2ABAD95900E0840D /* Release */ = {
			isa = XCBuildConfiguration;
			buildSettings = {
				ALWAYS_SEARCH_USER_PATHS = NO;
				CLANG_ANALYZER_NONNULL = YES;
				CLANG_ANALYZER_NUMBER_OBJECT_CONVERSION = YES_AGGRESSIVE;
				CLANG_CXX_LANGUAGE_STANDARD = "gnu++17";
				CLANG_ENABLE_MODULES = YES;
				CLANG_ENABLE_OBJC_ARC = YES;
				CLANG_ENABLE_OBJC_WEAK = YES;
				CLANG_WARN_BLOCK_CAPTURE_AUTORELEASING = YES;
				CLANG_WARN_BOOL_CONVERSION = YES;
				CLANG_WARN_COMMA = YES;
				CLANG_WARN_CONSTANT_CONVERSION = YES;
				CLANG_WARN_DEPRECATED_OBJC_IMPLEMENTATIONS = YES;
				CLANG_WARN_DIRECT_OBJC_ISA_USAGE = YES_ERROR;
				CLANG_WARN_DOCUMENTATION_COMMENTS = YES;
				CLANG_WARN_EMPTY_BODY = YES;
				CLANG_WARN_ENUM_CONVERSION = YES;
				CLANG_WARN_INFINITE_RECURSION = YES;
				CLANG_WARN_INT_CONVERSION = YES;
				CLANG_WARN_NON_LITERAL_NULL_CONVERSION = YES;
				CLANG_WARN_OBJC_IMPLICIT_RETAIN_SELF = YES;
				CLANG_WARN_OBJC_LITERAL_CONVERSION = YES;
				CLANG_WARN_OBJC_ROOT_CLASS = YES_ERROR;
				CLANG_WARN_QUOTED_INCLUDE_IN_FRAMEWORK_HEADER = YES;
				CLANG_WARN_RANGE_LOOP_ANALYSIS = YES;
				CLANG_WARN_STRICT_PROTOTYPES = YES;
				CLANG_WARN_SUSPICIOUS_MOVE = YES;
				CLANG_WARN_UNGUARDED_AVAILABILITY = YES_AGGRESSIVE;
				CLANG_WARN_UNREACHABLE_CODE = YES;
				CLANG_WARN__DUPLICATE_METHOD_MATCH = YES;
				COPY_PHASE_STRIP = NO;
				DEBUG_INFORMATION_FORMAT = "dwarf-with-dsym";
				ENABLE_NS_ASSERTIONS = NO;
				ENABLE_STRICT_OBJC_MSGSEND = YES;
				GCC_C_LANGUAGE_STANDARD = gnu11;
				GCC_NO_COMMON_BLOCKS = YES;
				GCC_WARN_64_TO_32_BIT_CONVERSION = YES;
				GCC_WARN_ABOUT_RETURN_TYPE = YES_ERROR;
				GCC_WARN_UNDECLARED_SELECTOR = YES;
				GCC_WARN_UNINITIALIZED_AUTOS = YES_AGGRESSIVE;
				GCC_WARN_UNUSED_FUNCTION = YES;
				GCC_WARN_UNUSED_VARIABLE = YES;
				IPHONEOS_DEPLOYMENT_TARGET = 15.5;
				MTL_ENABLE_DEBUG_INFO = NO;
				MTL_FAST_MATH = YES;
				SDKROOT = iphoneos;
				SWIFT_COMPILATION_MODE = wholemodule;
				SWIFT_OPTIMIZATION_LEVEL = "-O";
				VALIDATE_PRODUCT = YES;
			};
			name = Release;
		};
		F1FF403C2ABAD95900E0840D /* Debug */ = {
			isa = XCBuildConfiguration;
			buildSettings = {
				ASSETCATALOG_COMPILER_APPICON_NAME = AppIcon;
				ASSETCATALOG_COMPILER_GLOBAL_ACCENT_COLOR_NAME = AccentColor;
				CODE_SIGN_STYLE = Automatic;
				CURRENT_PROJECT_VERSION = 1;
				DEVELOPMENT_ASSET_PATHS = "\"TTPodMusicApp/Preview Content\"";
				DEVELOPMENT_TEAM = 2H7FH7ZQNH;
				ENABLE_PREVIEWS = YES;
				GENERATE_INFOPLIST_FILE = YES;
				INFOPLIST_KEY_UIApplicationSceneManifest_Generation = YES;
				INFOPLIST_KEY_UIApplicationSupportsIndirectInputEvents = YES;
				INFOPLIST_KEY_UILaunchScreen_Generation = YES;
				INFOPLIST_KEY_UISupportedInterfaceOrientations_iPad = "UIInterfaceOrientationPortrait UIInterfaceOrientationPortraitUpsideDown UIInterfaceOrientationLandscapeLeft UIInterfaceOrientationLandscapeRight";
				INFOPLIST_KEY_UISupportedInterfaceOrientations_iPhone = "UIInterfaceOrientationPortrait UIInterfaceOrientationLandscapeLeft UIInterfaceOrientationLandscapeRight";
				IPHONEOS_DEPLOYMENT_TARGET = 16.0;
				LD_RUNPATH_SEARCH_PATHS = (
					"$(inherited)",
					"@executable_path/Frameworks",
				);
				MARKETING_VERSION = 1.0;
				PRODUCT_BUNDLE_IDENTIFIER = com.waling.TTPodMusicApp;
				PRODUCT_NAME = "$(TARGET_NAME)";
				SWIFT_EMIT_LOC_STRINGS = YES;
				SWIFT_VERSION = 5.0;
				TARGETED_DEVICE_FAMILY = "1,2";
			};
			name = Debug;
		};
		F1FF403D2ABAD95900E0840D /* Release */ = {
			isa = XCBuildConfiguration;
			buildSettings = {
				ASSETCATALOG_COMPILER_APPICON_NAME = AppIcon;
				ASSETCATALOG_COMPILER_GLOBAL_ACCENT_COLOR_NAME = AccentColor;
				CODE_SIGN_STYLE = Automatic;
				CURRENT_PROJECT_VERSION = 1;
				DEVELOPMENT_ASSET_PATHS = "\"TTPodMusicApp/Preview Content\"";
				DEVELOPMENT_TEAM = 2H7FH7ZQNH;
				ENABLE_PREVIEWS = YES;
				GENERATE_INFOPLIST_FILE = YES;
				INFOPLIST_KEY_UIApplicationSceneManifest_Generation = YES;
				INFOPLIST_KEY_UIApplicationSupportsIndirectInputEvents = YES;
				INFOPLIST_KEY_UILaunchScreen_Generation = YES;
				INFOPLIST_KEY_UISupportedInterfaceOrientations_iPad = "UIInterfaceOrientationPortrait UIInterfaceOrientationPortraitUpsideDown UIInterfaceOrientationLandscapeLeft UIInterfaceOrientationLandscapeRight";
				INFOPLIST_KEY_UISupportedInterfaceOrientations_iPhone = "UIInterfaceOrientationPortrait UIInterfaceOrientationLandscapeLeft UIInterfaceOrientationLandscapeRight";
				IPHONEOS_DEPLOYMENT_TARGET = 16.0;
				LD_RUNPATH_SEARCH_PATHS = (
					"$(inherited)",
					"@executable_path/Frameworks",
				);
				MARKETING_VERSION = 1.0;
				PRODUCT_BUNDLE_IDENTIFIER = com.waling.TTPodMusicApp;
				PRODUCT_NAME = "$(TARGET_NAME)";
				SWIFT_EMIT_LOC_STRINGS = YES;
				SWIFT_VERSION = 5.0;
				TARGETED_DEVICE_FAMILY = "1,2";
			};
			name = Release;
		};
/* End XCBuildConfiguration section */

/* Begin XCConfigurationList section */
		F15DC9B92AE3FF9400718846 /* Build configuration list for PBXNativeTarget "TTPodMusicAppTests" */ = {
			isa = XCConfigurationList;
			buildConfigurations = (
				F15DC9BA2AE3FF9400718846 /* Debug */,
				F15DC9BB2AE3FF9400718846 /* Release */,
			);
			defaultConfigurationIsVisible = 0;
			defaultConfigurationName = Release;
		};
		F1FF40282ABAD95600E0840D /* Build configuration list for PBXProject "TTPodMusicApp" */ = {
			isa = XCConfigurationList;
			buildConfigurations = (
				F1FF40392ABAD95900E0840D /* Debug */,
				F1FF403A2ABAD95900E0840D /* Release */,
			);
			defaultConfigurationIsVisible = 0;
			defaultConfigurationName = Release;
		};
		F1FF403B2ABAD95900E0840D /* Build configuration list for PBXNativeTarget "TTPodMusicApp" */ = {
			isa = XCConfigurationList;
			buildConfigurations = (
				F1FF403C2ABAD95900E0840D /* Debug */,
				F1FF403D2ABAD95900E0840D /* Release */,
			);
			defaultConfigurationIsVisible = 0;
			defaultConfigurationName = Release;
		};
/* End XCConfigurationList section */
	};
	rootObject = F1FF40252ABAD95600E0840D /* Project object */;
}
